// !$*UTF8*$!
{
	archiveVersion = 1;
	classes = {
	};
	objectVersion = 77;
	objects = {

/* Begin PBXBuildFile section */
		C34BE84B2F634155002AFD4C /* Supabase in Frameworks */ = {isa = PBXBuildFile; productRef = C3FE65802EF2F7A3001A07D2 /* Supabase */; };
		C34BE84C2F634155002AFD4C /* StripePaymentSheet in Frameworks */ = {isa = PBXBuildFile; productRef = C3FE65822EF2F7A3001A07D2 /* StripePaymentSheet */; };
/* End PBXBuildFile section */

/* Begin PBXContainerItemProxy section */
		C3FE65582EF2F7A2001A07D2 /* PBXContainerItemProxy */ = {
			isa = PBXContainerItemProxy;
			containerPortal = C3FE653E2EF2F7A1001A07D2 /* Project object */;
			proxyType = 1;
			remoteGlobalIDString = C3FE65452EF2F7A1001A07D2;
			remoteInfo = Skipily;
		};
		C3FE65622EF2F7A2001A07D2 /* PBXContainerItemProxy */ = {
			isa = PBXContainerItemProxy;
			containerPortal = C3FE653E2EF2F7A1001A07D2 /* Project object */;
			proxyType = 1;
			remoteGlobalIDString = C3FE65452EF2F7A1001A07D2;
			remoteInfo = Skipily;
		};
/* End PBXContainerItemProxy section */

/* Begin PBXFileReference section */
		C3FE65462EF2F7A1001A07D2 /* Skipily.app */ = {isa = PBXFileReference; explicitFileType = wrapper.application; includeInIndex = 0; path = Skipily.app; sourceTree = BUILT_PRODUCTS_DIR; };
		C3FE65572EF2F7A2001A07D2 /* SkipilyTests.xctest */ = {isa = PBXFileReference; explicitFileType = wrapper.cfbundle; includeInIndex = 0; path = SkipilyTests.xctest; sourceTree = BUILT_PRODUCTS_DIR; };
		C3FE65612EF2F7A2001A07D2 /* SkipilyUITests.xctest */ = {isa = PBXFileReference; explicitFileType = wrapper.cfbundle; includeInIndex = 0; path = SkipilyUITests.xctest; sourceTree = BUILT_PRODUCTS_DIR; };
/* End PBXFileReference section */

/* Begin PBXFileSystemSynchronizedBuildFileExceptionSet section */
		C3FE65692EF2F7A2001A07D2 /* Exceptions for "Skipily" folder in "Skipily" target */ = {
			isa = PBXFileSystemSynchronizedBuildFileExceptionSet;
			membershipExceptions = (
				Info.plist,
			);
			target = C3FE65452EF2F7A1001A07D2 /* Skipily */;
		};
/* End PBXFileSystemSynchronizedBuildFileExceptionSet section */

/* Begin PBXFileSystemSynchronizedRootGroup section */
		C3FE65482EF2F7A1001A07D2 /* Skipily */ = {
			isa = PBXFileSystemSynchronizedRootGroup;
			exceptions = (
				C3FE65692EF2F7A2001A07D2 /* Exceptions for "Skipily" folder in "Skipily" target */,
			);
			path = Skipily;
			sourceTree = "<group>";
		};
		C3FE655A2EF2F7A2001A07D2 /* SkipilyTests */ = {
			isa = PBXFileSystemSynchronizedRootGroup;
			path = SkipilyTests;
			sourceTree = "<group>";
		};
		C3FE65642EF2F7A2001A07D2 /* SkipilyUITests */ = {
			isa = PBXFileSystemSynchronizedRootGroup;
			path = SkipilyUITests;
			sourceTree = "<group>";
		};
/* End PBXFileSystemSynchronizedRootGroup section */

/* Begin PBXFrameworksBuildPhase section */
		C3FE65432EF2F7A1001A07D2 /* Frameworks */ = {
			isa = PBXFrameworksBuildPhase;
			buildActionMask = 2147483647;
			files = (
				C34BE84C2F634155002AFD4C /* StripePaymentSheet in Frameworks */,
				C34BE84B2F634155002AFD4C /* Supabase in Frameworks */,
			);
			runOnlyForDeploymentPostprocessing = 0;
		};
		C3FE65542EF2F7A2001A07D2 /* Frameworks */ = {
			isa = PBXFrameworksBuildPhase;
			buildActionMask = 2147483647;
			files = (
			);
			runOnlyForDeploymentPostprocessing = 0;
		};
		C3FE655E2EF2F7A2001A07D2 /* Frameworks */ = {
			isa = PBXFrameworksBuildPhase;
			buildActionMask = 2147483647;
			files = (
			);
			runOnlyForDeploymentPostprocessing = 0;
		};
/* End PBXFrameworksBuildPhase section */

/* Begin PBXGroup section */
		C3FE653D2EF2F7A1001A07D2 = {
			isa = PBXGroup;
			children = (
				C3FE65482EF2F7A1001A07D2 /* Skipily */,
				C3FE655A2EF2F7A2001A07D2 /* SkipilyTests */,
				C3FE65642EF2F7A2001A07D2 /* SkipilyUITests */,
				C3FE65472EF2F7A1001A07D2 /* Products */,
			);
			sourceTree = "<group>";
		};
		C3FE65472EF2F7A1001A07D2 /* Products */ = {
			isa = PBXGroup;
			children = (
				C3FE65462EF2F7A1001A07D2 /* Skipily.app */,
				C3FE65572EF2F7A2001A07D2 /* SkipilyTests.xctest */,
				C3FE65612EF2F7A2001A07D2 /* SkipilyUITests.xctest */,
			);
			name = Products;
			sourceTree = "<group>";
		};
/* End PBXGroup section */

/* Begin PBXNativeTarget section */
		C3FE65452EF2F7A1001A07D2 /* Skipily */ = {
			isa = PBXNativeTarget;
			buildConfigurationList = C3FE656A2EF2F7A2001A07D2 /* Build configuration list for PBXNativeTarget "Skipily" */;
			buildPhases = (
				C3FE65422EF2F7A1001A07D2 /* Sources */,
				C3FE65432EF2F7A1001A07D2 /* Frameworks */,
				C3FE65442EF2F7A1001A07D2 /* Resources */,
			);
			buildRules = (
			);
			dependencies = (
			);
			fileSystemSynchronizedGroups = (
				C3FE65482EF2F7A1001A07D2 /* Skipily */,
			);
			name = Skipily;
			packageProductDependencies = (
				C3FE65802EF2F7A3001A07D2 /* Supabase */,
				C3FE65822EF2F7A3001A07D2 /* StripePaymentSheet */,
			);
			productName = Skipily;
			productReference = C3FE65462EF2F7A1001A07D2 /* Skipily.app */;
			productType = "com.apple.product-type.application";
		};
		C3FE65562EF2F7A2001A07D2 /* SkipilyTests */ = {
			isa = PBXNativeTarget;
			buildConfigurationList = C3FE656F2EF2F7A2001A07D2 /* Build configuration list for PBXNativeTarget "SkipilyTests" */;
			buildPhases = (
				C3FE65532EF2F7A2001A07D2 /* Sources */,
				C3FE65542EF2F7A2001A07D2 /* Frameworks */,
				C3FE65552EF2F7A2001A07D2 /* Resources */,
			);
			buildRules = (
			);
			dependencies = (
				C3FE65592EF2F7A2001A07D2 /* PBXTargetDependency */,
			);
			fileSystemSynchronizedGroups = (
				C3FE655A2EF2F7A2001A07D2 /* SkipilyTests */,
			);
			name = SkipilyTests;
			packageProductDependencies = (
			);
			productName = SkipilyTests;
			productReference = C3FE65572EF2F7A2001A07D2 /* SkipilyTests.xctest */;
			productType = "com.apple.product-type.bundle.unit-test";
		};
		C3FE65602EF2F7A2001A07D2 /* SkipilyUITests */ = {
			isa = PBXNativeTarget;
			buildConfigurationList = C3FE65722EF2F7A2001A07D2 /* Build configuration list for PBXNativeTarget "SkipilyUITests" */;
			buildPhases = (
				C3FE655D2EF2F7A2001A07D2 /* Sources */,
				C3FE655E2EF2F7A2001A07D2 /* Frameworks */,
				C3FE655F2EF2F7A2001A07D2 /* Resources */,
			);
			buildRules = (
			);
			dependencies = (
				C3FE65632EF2F7A2001A07D2 /* PBXTargetDependency */,
			);
			fileSystemSynchronizedGroups = (
				C3FE65642EF2F7A2001A07D2 /* SkipilyUITests */,
			);
			name = SkipilyUITests;
			packageProductDependencies = (
			);
			productName = SkipilyUITests;
			productReference = C3FE65612EF2F7A2001A07D2 /* SkipilyUITests.xctest */;
			productType = "com.apple.product-type.bundle.ui-testing";
		};
/* End PBXNativeTarget section */

/* Begin PBXProject section */
		C3FE653E2EF2F7A1001A07D2 /* Project object */ = {
			isa = PBXProject;
			attributes = {
				BuildIndependentTargetsInParallel = 1;
				LastSwiftUpdateCheck = 2620;
				LastUpgradeCheck = 2620;
				TargetAttributes = {
					C3FE65452EF2F7A1001A07D2 = {
						CreatedOnToolsVersion = 26.2;
					};
					C3FE65562EF2F7A2001A07D2 = {
						CreatedOnToolsVersion = 26.2;
						TestTargetID = C3FE65452EF2F7A1001A07D2;
					};
					C3FE65602EF2F7A2001A07D2 = {
						CreatedOnToolsVersion = 26.2;
						TestTargetID = C3FE65452EF2F7A1001A07D2;
					};
				};
			};
			buildConfigurationList = C3FE65412EF2F7A1001A07D2 /* Build configuration list for PBXProject "Skipily" */;
			developmentRegion = en;
			hasScannedForEncodings = 0;
			knownRegions = (
				en,
				Base,
				fr,
				nl,
				de,
				es,
				it,
			);
			mainGroup = C3FE653D2EF2F7A1001A07D2;
			minimizedProjectReferenceProxies = 1;
			packageReferences = (
				C3FE657F2EF2F7A3001A07D2 /* XCRemoteSwiftPackageReference "supabase-swift" */,
				C3FE65812EF2F7A3001A07D2 /* XCRemoteSwiftPackageReference "stripe-ios" */,
			);
			preferredProjectObjectVersion = 77;
			productRefGroup = C3FE65472EF2F7A1001A07D2 /* Products */;
			projectDirPath = "";
			projectRoot = "";
			targets = (
				C3FE65452EF2F7A1001A07D2 /* Skipily */,
				C3FE65562EF2F7A2001A07D2 /* SkipilyTests */,
				C3FE65602EF2F7A2001A07D2 /* SkipilyUITests */,
			);
		};
/* End PBXProject section */

/* Begin PBXResourcesBuildPhase section */
		C3FE65442EF2F7A1001A07D2 /* Resources */ = {
			isa = PBXResourcesBuildPhase;
			buildActionMask = 2147483647;
			files = (
			);
			runOnlyForDeploymentPostprocessing = 0;
		};
		C3FE65552EF2F7A2001A07D2 /* Resources */ = {
			isa = PBXResourcesBuildPhase;
			buildActionMask = 2147483647;
			files = (
			);
			runOnlyForDeploymentPostprocessing = 0;
		};
		C3FE655F2EF2F7A2001A07D2 /* Resources */ = {
			isa = PBXResourcesBuildPhase;
			buildActionMask = 2147483647;
			files = (
			);
			runOnlyForDeploymentPostprocessing = 0;
		};
/* End PBXResourcesBuildPhase section */

/* Begin PBXSourcesBuildPhase section */
		C3FE65422EF2F7A1001A07D2 /* Sources */ = {
			isa = PBXSourcesBuildPhase;
			buildActionMask = 2147483647;
			files = (
			);
			runOnlyForDeploymentPostprocessing = 0;
		};
		C3FE65532EF2F7A2001A07D2 /* Sources */ = {
			isa = PBXSourcesBuildPhase;
			buildActionMask = 2147483647;
			files = (
			);
			runOnlyForDeploymentPostprocessing = 0;
		};
		C3FE655D2EF2F7A2001A07D2 /* Sources */ = {
			isa = PBXSourcesBuildPhase;
			buildActionMask = 2147483647;
			files = (
			);
			runOnlyForDeploymentPostprocessing = 0;
		};
/* End PBXSourcesBuildPhase section */

/* Begin PBXTargetDependency section */
		C3FE65592EF2F7A2001A07D2 /* PBXTargetDependency */ = {
			isa = PBXTargetDependency;
			target = C3FE65452EF2F7A1001A07D2 /* Skipily */;
			targetProxy = C3FE65582EF2F7A2001A07D2 /* PBXContainerItemProxy */;
		};
		C3FE65632EF2F7A2001A07D2 /* PBXTargetDependency */ = {
			isa = PBXTargetDependency;
			target = C3FE65452EF2F7A1001A07D2 /* Skipily */;
			targetProxy = C3FE65622EF2F7A2001A07D2 /* PBXContainerItemProxy */;
		};
/* End PBXTargetDependency section */

/* Begin XCBuildConfiguration section */
		C3FE656B2EF2F7A2001A07D2 /* Debug */ = {
			isa = XCBuildConfiguration;
			buildSettings = {
				ASSETCATALOG_COMPILER_APPICON_NAME = AppIcon;
				ASSETCATALOG_COMPILER_GLOBAL_ACCENT_COLOR_NAME = AccentColor;
				CODE_SIGN_ENTITLEMENTS = Skipily/Skipily.entitlements;
				CODE_SIGN_STYLE = Automatic;
				CURRENT_PROJECT_VERSION = 18;
				DEVELOPMENT_TEAM = JL75HH3WHW;
				ENABLE_APP_SANDBOX = YES;
				ENABLE_HARDENED_RUNTIME = YES;
				ENABLE_PREVIEWS = YES;
				ENABLE_USER_SELECTED_FILES = readonly;
				GENERATE_INFOPLIST_FILE = YES;
				INFOPLIST_FILE = Skipily/Info.plist;
				"INFOPLIST_KEY_UIApplicationSceneManifest_Generation[sdk=iphoneos*]" = YES;
				"INFOPLIST_KEY_UIApplicationSceneManifest_Generation[sdk=iphonesimulator*]" = YES;
				"INFOPLIST_KEY_UIApplicationSupportsIndirectInputEvents[sdk=iphoneos*]" = YES;
				"INFOPLIST_KEY_UIApplicationSupportsIndirectInputEvents[sdk=iphonesimulator*]" = YES;
				"INFOPLIST_KEY_UILaunchScreen_Generation[sdk=iphoneos*]" = YES;
				"INFOPLIST_KEY_UILaunchScreen_Generation[sdk=iphonesimulator*]" = YES;
				"INFOPLIST_KEY_UIStatusBarStyle[sdk=iphoneos*]" = UIStatusBarStyleDefault;
				"INFOPLIST_KEY_UIStatusBarStyle[sdk=iphonesimulator*]" = UIStatusBarStyleDefault;
				INFOPLIST_KEY_UISupportedInterfaceOrientations_iPad = "UIInterfaceOrientationPortrait UIInterfaceOrientationPortraitUpsideDown UIInterfaceOrientationLandscapeLeft UIInterfaceOrientationLandscapeRight";
				INFOPLIST_KEY_UISupportedInterfaceOrientations_iPhone = "UIInterfaceOrientationPortrait UIInterfaceOrientationLandscapeLeft UIInterfaceOrientationLandscapeRight";
				IPHONEOS_DEPLOYMENT_TARGET = 18.0;
				LD_RUNPATH_SEARCH_PATHS = "@executable_path/Frameworks";
				"LD_RUNPATH_SEARCH_PATHS[sdk=macosx*]" = "@executable_path/../Frameworks";
				MACOSX_DEPLOYMENT_TARGET = 14.0;
				MARKETING_VERSION = 1.0.0;
				PRODUCT_BUNDLE_IDENTIFIER = Boating.Skipily;
				PRODUCT_NAME = "$(TARGET_NAME)";
				REGISTER_APP_GROUPS = YES;
				SDKROOT = auto;
				STRING_CATALOG_GENERATE_SYMBOLS = YES;
				SUPPORTED_PLATFORMS = "iphoneos iphonesimulator xros xrsimulator";
				SWIFT_APPROACHABLE_CONCURRENCY = YES;
				SWIFT_DEFAULT_ACTOR_ISOLATION = MainActor;
				SWIFT_EMIT_LOC_STRINGS = YES;
				SWIFT_UPCOMING_FEATURE_MEMBER_IMPORT_VISIBILITY = YES;
				SWIFT_VERSION = 5.0;
				TARGETED_DEVICE_FAMILY = "1,2,7";
				XROS_DEPLOYMENT_TARGET = 1.0;
			};
			name = Debug;
		};
		C3FE656C2EF2F7A2001A07D2 /* Release */ = {
			isa = XCBuildConfiguration;
			buildSettings = {
				ASSETCATALOG_COMPILER_APPICON_NAME = AppIcon;
				ASSETCATALOG_COMPILER_GLOBAL_ACCENT_COLOR_NAME = AccentColor;
				CODE_SIGN_ENTITLEMENTS = Skipily/Skipily.entitlements;
				CODE_SIGN_STYLE = Automatic;
				CURRENT_PROJECT_VERSION = 18;
				DEVELOPMENT_TEAM = JL75HH3WHW;
				ENABLE_APP_SANDBOX = YES;
				ENABLE_HARDENED_RUNTIME = YES;
				ENABLE_PREVIEWS = YES;
				ENABLE_USER_SELECTED_FILES = readonly;
				GENERATE_INFOPLIST_FILE = YES;
				INFOPLIST_FILE = Skipily/Info.plist;
				"INFOPLIST_KEY_UIApplicationSceneManifest_Generation[sdk=iphoneos*]" = YES;
				"INFOPLIST_KEY_UIApplicationSceneManifest_Generation[sdk=iphonesimulator*]" = YES;
				"INFOPLIST_KEY_UIApplicationSupportsIndirectInputEvents[sdk=iphoneos*]" = YES;
				"INFOPLIST_KEY_UIApplicationSupportsIndirectInputEvents[sdk=iphonesimulator*]" = YES;
				"INFOPLIST_KEY_UILaunchScreen_Generation[sdk=iphoneos*]" = YES;
				"INFOPLIST_KEY_UILaunchScreen_Generation[sdk=iphonesimulator*]" = YES;
				"INFOPLIST_KEY_UIStatusBarStyle[sdk=iphoneos*]" = UIStatusBarStyleDefault;
				"INFOPLIST_KEY_UIStatusBarStyle[sdk=iphonesimulator*]" = UIStatusBarStyleDefault;
				INFOPLIST_KEY_UISupportedInterfaceOrientations_iPad = "UIInterfaceOrientationPortrait UIInterfaceOrientationPortraitUpsideDown UIInterfaceOrientationLandscapeLeft UIInterfaceOrientationLandscapeRight";
				INFOPLIST_KEY_UISupportedInterfaceOrientations_iPhone = "UIInterfaceOrientationPortrait UIInterfaceOrientationLandscapeLeft UIInterfaceOrientationLandscapeRight";
				IPHONEOS_DEPLOYMENT_TARGET = 18.0;
				LD_RUNPATH_SEARCH_PATHS = "@executable_path/Frameworks";
				"LD_RUNPATH_SEARCH_PATHS[sdk=macosx*]" = "@executable_path/../Frameworks";
				MACOSX_DEPLOYMENT_TARGET = 14.0;
				MARKETING_VERSION = 1.0.0;
				PRODUCT_BUNDLE_IDENTIFIER = Boating.Skipily;
				PRODUCT_NAME = "$(TARGET_NAME)";
				REGISTER_APP_GROUPS = YES;
				SDKROOT = auto;
				STRING_CATALOG_GENERATE_SYMBOLS = YES;
				SUPPORTED_PLATFORMS = "iphoneos iphonesimulator xros xrsimulator";
				SWIFT_APPROACHABLE_CONCURRENCY = YES;
				SWIFT_DEFAULT_ACTOR_ISOLATION = MainActor;
				SWIFT_EMIT_LOC_STRINGS = YES;
				SWIFT_UPCOMING_FEATURE_MEMBER_IMPORT_VISIBILITY = YES;
				SWIFT_VERSION = 5.0;
				TARGETED_DEVICE_FAMILY = "1,2,7";
				XROS_DEPLOYMENT_TARGET = 1.0;
			};
			name = Release;
		};
		C3FE656D2EF2F7A2001A07D2 /* Debug */ = {
			isa = XCBuildConfiguration;
			baseConfigurationReferenceAnchor = C3FE65482EF2F7A1001A07D2 /* Skipily */;
			baseConfigurationReferenceRelativePath = Config/Debug.xcconfig;
			buildSettings = {
				ALWAYS_SEARCH_USER_PATHS = NO;
				ASSETCATALOG_COMPILER_GENERATE_SWIFT_ASSET_SYMBOL_EXTENSIONS = YES;
				CLANG_ANALYZER_NONNULL = YES;
				CLANG_ANALYZER_NUMBER_OBJECT_CONVERSION = YES_AGGRESSIVE;
				CLANG_CXX_LANGUAGE_STANDARD = "gnu++20";
				CLANG_ENABLE_MODULES = YES;
				CLANG_ENABLE_OBJC_ARC = YES;
				CLANG_ENABLE_OBJC_WEAK = YES;
				CLANG_WARN_BLOCK_CAPTURE_AUTORELEASING = YES;
				CLANG_WARN_BOOL_CONVERSION = YES;
				CLANG_WARN_COMMA = YES;
				CLANG_WARN_CONSTANT_CONVERSION = YES;
				CLANG_WARN_DEPRECATED_OBJC_IMPLEMENTATIONS = YES;
				CLANG_WARN_DIRECT_OBJC_ISA_USAGE = YES_ERROR;
				CLANG_WARN_DOCUMENTATION_COMMENTS = YES;
				CLANG_WARN_EMPTY_BODY = YES;
				CLANG_WARN_ENUM_CONVERSION = YES;
				CLANG_WARN_INFINITE_RECURSION = YES;
				CLANG_WARN_INT_CONVERSION = YES;
				CLANG_WARN_NON_LITERAL_NULL_CONVERSION = YES;
				CLANG_WARN_OBJC_IMPLICIT_RETAIN_SELF = YES;
				CLANG_WARN_OBJC_LITERAL_CONVERSION = YES;
				CLANG_WARN_OBJC_ROOT_CLASS = YES_ERROR;
				CLANG_WARN_QUOTED_INCLUDE_IN_FRAMEWORK_HEADER = YES;
				CLANG_WARN_RANGE_LOOP_ANALYSIS = YES;
				CLANG_WARN_STRICT_PROTOTYPES = YES;
				CLANG_WARN_SUSPICIOUS_MOVE = YES;
				CLANG_WARN_UNGUARDED_AVAILABILITY = YES_AGGRESSIVE;
				CLANG_WARN_UNREACHABLE_CODE = YES;
				CLANG_WARN__DUPLICATE_METHOD_MATCH = YES;
				COPY_PHASE_STRIP = NO;
				DEBUG_INFORMATION_FORMAT = dwarf;
				DEVELOPMENT_TEAM = JL75HH3WHW;
				ENABLE_STRICT_OBJC_MSGSEND = YES;
				ENABLE_TESTABILITY = YES;
				ENABLE_USER_SCRIPT_SANDBOXING = YES;
				GCC_C_LANGUAGE_STANDARD = gnu17;
				GCC_DYNAMIC_NO_PIC = NO;
				GCC_NO_COMMON_BLOCKS = YES;
				GCC_OPTIMIZATION_LEVEL = 0;
				GCC_PREPROCESSOR_DEFINITIONS = (
					"DEBUG=1",
					"$(inherited)",
				);
				GCC_WARN_64_TO_32_BIT_CONVERSION = YES;
				GCC_WARN_ABOUT_RETURN_TYPE = YES_ERROR;
				GCC_WARN_UNDECLARED_SELECTOR = YES;
				GCC_WARN_UNINITIALIZED_AUTOS = YES_AGGRESSIVE;
				GCC_WARN_UNUSED_FUNCTION = YES;
				GCC_WARN_UNUSED_VARIABLE = YES;
				LOCALIZATION_PREFERS_STRING_CATALOGS = YES;
				MTL_ENABLE_DEBUG_INFO = INCLUDE_SOURCE;
				MTL_FAST_MATH = YES;
				ONLY_ACTIVE_ARCH = YES;
				SWIFT_ACTIVE_COMPILATION_CONDITIONS = "DEBUG $(inherited)";
				SWIFT_OPTIMIZATION_LEVEL = "-Onone";
			};
			name = Debug;
		};
		C3FE656E2EF2F7A2001A07D2 /* Release */ = {
			isa = XCBuildConfiguration;
			baseConfigurationReferenceAnchor = C3FE65482EF2F7A1001A07D2 /* Skipily */;
			baseConfigurationReferenceRelativePath = Config/Release.xcconfig;
			buildSettings = {
				ALWAYS_SEARCH_USER_PATHS = NO;
				ASSETCATALOG_COMPILER_GENERATE_SWIFT_ASSET_SYMBOL_EXTENSIONS = YES;
				CLANG_ANALYZER_NONNULL = YES;
				CLANG_ANALYZER_NUMBER_OBJECT_CONVERSION = YES_AGGRESSIVE;
				CLANG_CXX_LANGUAGE_STANDARD = "gnu++20";
				CLANG_ENABLE_MODULES = YES;
				CLANG_ENABLE_OBJC_ARC = YES;
				CLANG_ENABLE_OBJC_WEAK = YES;
				CLANG_WARN_BLOCK_CAPTURE_AUTORELEASING = YES;
				CLANG_WARN_BOOL_CONVERSION = YES;
				CLANG_WARN_COMMA = YES;
				CLANG_WARN_CONSTANT_CONVERSION = YES;
				CLANG_WARN_DEPRECATED_OBJC_IMPLEMENTATIONS = YES;
				CLANG_WARN_DIRECT_OBJC_ISA_USAGE = YES_ERROR;
				CLANG_WARN_DOCUMENTATION_COMMENTS = YES;
				CLANG_WARN_EMPTY_BODY = YES;
				CLANG_WARN_ENUM_CONVERSION = YES;
				CLANG_WARN_INFINITE_RECURSION = YES;
				CLANG_WARN_INT_CONVERSION = YES;
				CLANG_WARN_NON_LITERAL_NULL_CONVERSION = YES;
				CLANG_WARN_OBJC_IMPLICIT_RETAIN_SELF = YES;
				CLANG_WARN_OBJC_LITERAL_CONVERSION = YES;
				CLANG_WARN_OBJC_ROOT_CLASS = YES_ERROR;
				CLANG_WARN_QUOTED_INCLUDE_IN_FRAMEWORK_HEADER = YES;
				CLANG_WARN_RANGE_LOOP_ANALYSIS = YES;
				CLANG_WARN_STRICT_PROTOTYPES = YES;
				CLANG_WARN_SUSPICIOUS_MOVE = YES;
				CLANG_WARN_UNGUARDED_AVAILABILITY = YES_AGGRESSIVE;
				CLANG_WARN_UNREACHABLE_CODE = YES;
				CLANG_WARN__DUPLICATE_METHOD_MATCH = YES;
				COPY_PHASE_STRIP = NO;
				DEBUG_INFORMATION_FORMAT = "dwarf-with-dsym";
				DEVELOPMENT_TEAM = JL75HH3WHW;
				ENABLE_NS_ASSERTIONS = NO;
				ENABLE_STRICT_OBJC_MSGSEND = YES;
				ENABLE_USER_SCRIPT_SANDBOXING = YES;
				GCC_C_LANGUAGE_STANDARD = gnu17;
				GCC_NO_COMMON_BLOCKS = YES;
				GCC_WARN_64_TO_32_BIT_CONVERSION = YES;
				GCC_WARN_ABOUT_RETURN_TYPE = YES_ERROR;
				GCC_WARN_UNDECLARED_SELECTOR = YES;
				GCC_WARN_UNINITIALIZED_AUTOS = YES_AGGRESSIVE;
				GCC_WARN_UNUSED_FUNCTION = YES;
				GCC_WARN_UNUSED_VARIABLE = YES;
				LOCALIZATION_PREFERS_STRING_CATALOGS = YES;
				MTL_ENABLE_DEBUG_INFO = NO;
				MTL_FAST_MATH = YES;
				SWIFT_COMPILATION_MODE = wholemodule;
			};
			name = Release;
		};
		C3FE65702EF2F7A2001A07D2 /* Debug */ = {
			isa = XCBuildConfiguration;
			buildSettings = {
				BUNDLE_LOADER = "$(TEST_HOST)";
				CODE_SIGN_STYLE = Automatic;
				CURRENT_PROJECT_VERSION = 1;
				DEVELOPMENT_TEAM = JL75HH3WHW;
				GENERATE_INFOPLIST_FILE = YES;
				IPHONEOS_DEPLOYMENT_TARGET = 18.0;
				MACOSX_DEPLOYMENT_TARGET = 14.0;
				MARKETING_VERSION = 1.0;
				PRODUCT_BUNDLE_IDENTIFIER = Boating.SkipilyTests;
				PRODUCT_NAME = "$(TARGET_NAME)";
				SDKROOT = auto;
				STRING_CATALOG_GENERATE_SYMBOLS = NO;
				SUPPORTED_PLATFORMS = "iphoneos iphonesimulator xros xrsimulator";
				SWIFT_APPROACHABLE_CONCURRENCY = YES;
				SWIFT_EMIT_LOC_STRINGS = NO;
				SWIFT_UPCOMING_FEATURE_MEMBER_IMPORT_VISIBILITY = YES;
				SWIFT_VERSION = 5.0;
				TARGETED_DEVICE_FAMILY = "1,2,7";
				TEST_HOST = "$(BUILT_PRODUCTS_DIR)/Skipily.app/$(BUNDLE_EXECUTABLE_FOLDER_PATH)/Skipily";
				XROS_DEPLOYMENT_TARGET = 1.0;
			};
			name = Debug;
		};
		C3FE65712EF2F7A2001A07D2 /* Release */ = {
			isa = XCBuildConfiguration;
			buildSettings = {
				BUNDLE_LOADER = "$(TEST_HOST)";
				CODE_SIGN_STYLE = Automatic;
				CURRENT_PROJECT_VERSION = 1;
				DEVELOPMENT_TEAM = JL75HH3WHW;
				GENERATE_INFOPLIST_FILE = YES;
				IPHONEOS_DEPLOYMENT_TARGET = 18.0;
				MACOSX_DEPLOYMENT_TARGET = 14.0;
				MARKETING_VERSION = 1.0;
				PRODUCT_BUNDLE_IDENTIFIER = Boating.SkipilyTests;
				PRODUCT_NAME = "$(TARGET_NAME)";
				SDKROOT = auto;
				STRING_CATALOG_GENERATE_SYMBOLS = NO;
				SUPPORTED_PLATFORMS = "iphoneos iphonesimulator xros xrsimulator";
				SWIFT_APPROACHABLE_CONCURRENCY = YES;
				SWIFT_EMIT_LOC_STRINGS = NO;
				SWIFT_UPCOMING_FEATURE_MEMBER_IMPORT_VISIBILITY = YES;
				SWIFT_VERSION = 5.0;
				TARGETED_DEVICE_FAMILY = "1,2,7";
				TEST_HOST = "$(BUILT_PRODUCTS_DIR)/Skipily.app/$(BUNDLE_EXECUTABLE_FOLDER_PATH)/Skipily";
				XROS_DEPLOYMENT_TARGET = 1.0;
			};
			name = Release;
		};
		C3FE65732EF2F7A2001A07D2 /* Debug */ = {
			isa = XCBuildConfiguration;
			buildSettings = {
				CODE_SIGN_STYLE = Automatic;
				CURRENT_PROJECT_VERSION = 1;
				DEVELOPMENT_TEAM = JL75HH3WHW;
				GENERATE_INFOPLIST_FILE = YES;
				IPHONEOS_DEPLOYMENT_TARGET = 18.0;
				MACOSX_DEPLOYMENT_TARGET = 14.0;
				MARKETING_VERSION = 1.0;
				PRODUCT_BUNDLE_IDENTIFIER = Boating.SkipilyUITests;
				PRODUCT_NAME = "$(TARGET_NAME)";
				SDKROOT = auto;
				STRING_CATALOG_GENERATE_SYMBOLS = NO;
				SUPPORTED_PLATFORMS = "iphoneos iphonesimulator xros xrsimulator";
				SWIFT_APPROACHABLE_CONCURRENCY = YES;
				SWIFT_EMIT_LOC_STRINGS = NO;
				SWIFT_UPCOMING_FEATURE_MEMBER_IMPORT_VISIBILITY = YES;
				SWIFT_VERSION = 5.0;
				TARGETED_DEVICE_FAMILY = "1,2,7";
				TEST_TARGET_NAME = Skipily;
				XROS_DEPLOYMENT_TARGET = 1.0;
			};
			name = Debug;
		};
		C3FE65742EF2F7A2001A07D2 /* Release */ = {
			isa = XCBuildConfiguration;
			buildSettings = {
				CODE_SIGN_STYLE = Automatic;
				CURRENT_PROJECT_VERSION = 1;
				DEVELOPMENT_TEAM = JL75HH3WHW;
				GENERATE_INFOPLIST_FILE = YES;
				IPHONEOS_DEPLOYMENT_TARGET = 18.0;
				MACOSX_DEPLOYMENT_TARGET = 14.0;
				MARKETING_VERSION = 1.0;
				PRODUCT_BUNDLE_IDENTIFIER = Boating.SkipilyUITests;
				PRODUCT_NAME = "$(TARGET_NAME)";
				SDKROOT = auto;
				STRING_CATALOG_GENERATE_SYMBOLS = NO;
				SUPPORTED_PLATFORMS = "iphoneos iphonesimulator xros xrsimulator";
				SWIFT_APPROACHABLE_CONCURRENCY = YES;
				SWIFT_EMIT_LOC_STRINGS = NO;
				SWIFT_UPCOMING_FEATURE_MEMBER_IMPORT_VISIBILITY = YES;
				SWIFT_VERSION = 5.0;
				TARGETED_DEVICE_FAMILY = "1,2,7";
				TEST_TARGET_NAME = Skipily;
				XROS_DEPLOYMENT_TARGET = 1.0;
			};
			name = Release;
		};
/* End XCBuildConfiguration section */

/* Begin XCConfigurationList section */
		C3FE65412EF2F7A1001A07D2 /* Build configuration list for PBXProject "Skipily" */ = {
			isa = XCConfigurationList;
			buildConfigurations = (
				C3FE656D2EF2F7A2001A07D2 /* Debug */,
				C3FE656E2EF2F7A2001A07D2 /* Release */,
			);
			defaultConfigurationIsVisible = 0;
			defaultConfigurationName = Release;
		};
		C3FE656A2EF2F7A2001A07D2 /* Build configuration list for PBXNativeTarget "Skipily" */ = {
			isa = XCConfigurationList;
			buildConfigurations = (
				C3FE656B2EF2F7A2001A07D2 /* Debug */,
				C3FE656C2EF2F7A2001A07D2 /* Release */,
			);
			defaultConfigurationIsVisible = 0;
			defaultConfigurationName = Release;
		};
		C3FE656F2EF2F7A2001A07D2 /* Build configuration list for PBXNativeTarget "SkipilyTests" */ = {
			isa = XCConfigurationList;
			buildConfigurations = (
				C3FE65702EF2F7A2001A07D2 /* Debug */,
				C3FE65712EF2F7A2001A07D2 /* Release */,
			);
			defaultConfigurationIsVisible = 0;
			defaultConfigurationName = Release;
		};
		C3FE65722EF2F7A2001A07D2 /* Build configuration list for PBXNativeTarget "SkipilyUITests" */ = {
			isa = XCConfigurationList;
			buildConfigurations = (
				C3FE65732EF2F7A2001A07D2 /* Debug */,
				C3FE65742EF2F7A2001A07D2 /* Release */,
			);
			defaultConfigurationIsVisible = 0;
			defaultConfigurationName = Release;
		};
/* End XCConfigurationList section */

/* Begin XCRemoteSwiftPackageReference section */
		C3FE657F2EF2F7A3001A07D2 /* XCRemoteSwiftPackageReference "supabase-swift" */ = {
			isa = XCRemoteSwiftPackageReference;
			repositoryURL = "https://github.com/supabase/supabase-swift.git";
			requirement = {
				kind = upToNextMajorVersion;
				minimumVersion = 2.0.0;
			};
		};
		C3FE65812EF2F7A3001A07D2 /* XCRemoteSwiftPackageReference "stripe-ios" */ = {
			isa = XCRemoteSwiftPackageReference;
			repositoryURL = "https://github.com/stripe/stripe-ios.git";
			requirement = {
				kind = upToNextMajorVersion;
				minimumVersion = 24.0.0;
			};
		};
/* End XCRemoteSwiftPackageReference section */

/* Begin XCSwiftPackageProductDependency section */
		C3FE65802EF2F7A3001A07D2 /* Supabase */ = {
			isa = XCSwiftPackageProductDependency;
			package = C3FE657F2EF2F7A3001A07D2 /* XCRemoteSwiftPackageReference "supabase-swift" */;
			productName = Supabase;
		};
		C3FE65822EF2F7A3001A07D2 /* StripePaymentSheet */ = {
			isa = XCSwiftPackageProductDependency;
			package = C3FE65812EF2F7A3001A07D2 /* XCRemoteSwiftPackageReference "stripe-ios" */;
			productName = StripePaymentSheet;
		};
/* End XCSwiftPackageProductDependency section */
	};
	rootObject = C3FE653E2EF2F7A1001A07D2 /* Project object */;
}
